
Microsoft Visual Studio Solution File, Format Version 12.00
# Visual Studio Version 16
VisualStudioVersion = 16.0.31624.102
MinimumVisualStudioVersion = 10.0.40219.1
Project("{FAE04EC0-301F-11D3-BF4B-00C04F79EFBC}") = "Vrnz2.CypressTest.Api", "Vrnz2.CypressTest.Api\Vrnz2.CypressTest.Api.csproj", "{AC6C3579-66CB-4813-AC9F-FB6A55FC5B24}"
EndProject
Global
	GlobalSection(SolutionConfigurationPlatforms) = preSolution
		Debug|Any CPU = Debug|Any CPU
		Release|Any CPU = Release|Any CPU
	EndGlobalSection
	GlobalSection(ProjectConfigurationPlatforms) = postSolution
		{AC6C3579-66CB-4813-AC9F-FB6A55FC5B24}.Debug|Any CPU.ActiveCfg = Debug|Any CPU
		{AC6C3579-66CB-4813-AC9F-FB6A55FC5B24}.Debug|Any CPU.Build.0 = Debug|Any CPU
		{AC6C3579-66CB-4813-AC9F-FB6A55FC5B24}.Release|Any CPU.ActiveCfg = Release|Any CPU
		{AC6C3579-66CB-4813-AC9F-FB6A55FC5B24}.Release|Any CPU.Build.0 = Release|Any CPU
	EndGlobalSection
	GlobalSection(SolutionProperties) = preSolution
		HideSolutionNode = FALSE
	EndGlobalSection
	GlobalSection(ExtensibilityGlobals) = postSolution
		SolutionGuid = {917F7E48-39E0-4433-81FD-720DD319E607}
	EndGlobalSection
EndGlobal
